// !$*UTF8*$!
{
	archiveVersion = 1;
	classes = {
	};
	objectVersion = 56;
	objects = {

/* Begin PBXBuildFile section */
		534AE3A905490FD502EE2D58 /* Pods_FriendsListTests.framework in Frameworks */ = {isa = PBXBuildFile; fileRef = C1781D28D06E43A9A436E0F3 /* Pods_FriendsListTests.framework */; };
		5ED88B8C3C153963F47FDCD3 /* Pods_FriendsList.framework in Frameworks */ = {isa = PBXBuildFile; fileRef = F22C929F262E4B7C5A198811 /* Pods_FriendsList.framework */; };
		7C4A315F1CCC3FC9A2757694 /* Pods_FriendsList_FriendsListUITests.framework in Frameworks */ = {isa = PBXBuildFile; fileRef = 0A68E5124DEC6C055EEF8F42 /* Pods_FriendsList_FriendsListUITests.framework */; };
		D15C16832CABEF16008E3536 /* ListingViewModelsTest.swift in Sources */ = {isa = PBXBuildFile; fileRef = D15C16822CABEF16008E3536 /* ListingViewModelsTest.swift */; };
		D1E17B342CAADEC700F228A9 /* AppDelegate.swift in Sources */ = {isa = PBXBuildFile; fileRef = D1E17B332CAADEC700F228A9 /* AppDelegate.swift */; };
		D1E17B362CAADEC700F228A9 /* SceneDelegate.swift in Sources */ = {isa = PBXBuildFile; fileRef = D1E17B352CAADEC700F228A9 /* SceneDelegate.swift */; };
		D1E17B3E2CAADEC700F228A9 /* FriendsList.xcdatamodeld in Sources */ = {isa = PBXBuildFile; fileRef = D1E17B3C2CAADEC700F228A9 /* FriendsList.xcdatamodeld */; };
		D1E17B402CAADECA00F228A9 /* Assets.xcassets in Resources */ = {isa = PBXBuildFile; fileRef = D1E17B3F2CAADECA00F228A9 /* Assets.xcassets */; };
		D1E17B432CAADECA00F228A9 /* LaunchScreen.storyboard in Resources */ = {isa = PBXBuildFile; fileRef = D1E17B412CAADECA00F228A9 /* LaunchScreen.storyboard */; };
		D1E17B4E2CAADECA00F228A9 /* FriendsListTests.swift in Sources */ = {isa = PBXBuildFile; fileRef = D1E17B4D2CAADECA00F228A9 /* FriendsListTests.swift */; };
		D1E17B582CAADECA00F228A9 /* FriendsListUITests.swift in Sources */ = {isa = PBXBuildFile; fileRef = D1E17B572CAADECA00F228A9 /* FriendsListUITests.swift */; };
		D1E17B5A2CAADECA00F228A9 /* FriendsListUITestsLaunchTests.swift in Sources */ = {isa = PBXBuildFile; fileRef = D1E17B592CAADECA00F228A9 /* FriendsListUITestsLaunchTests.swift */; };
		D1E17B722CAAE1A200F228A9 /* AlertPresentable.swift in Sources */ = {isa = PBXBuildFile; fileRef = D1E17B712CAAE1A200F228A9 /* AlertPresentable.swift */; };
		D1E17B742CAAE1D800F228A9 /* ProgressIndicatorPresentable.swift in Sources */ = {isa = PBXBuildFile; fileRef = D1E17B732CAAE1D800F228A9 /* ProgressIndicatorPresentable.swift */; };
		D1E17B762CAAE20A00F228A9 /* UIView+Extension.swift in Sources */ = {isa = PBXBuildFile; fileRef = D1E17B752CAAE20A00F228A9 /* UIView+Extension.swift */; };
		D1E17B782CAAE23400F228A9 /* String+Extension.swift in Sources */ = {isa = PBXBuildFile; fileRef = D1E17B772CAAE23400F228A9 /* String+Extension.swift */; };
		D1E17B7A2CAAE2D900F228A9 /* UIViewController+Extension.swift in Sources */ = {isa = PBXBuildFile; fileRef = D1E17B792CAAE2D900F228A9 /* UIViewController+Extension.swift */; };
		D1E17B7C2CAAE34200F228A9 /* LoginViewController.swift in Sources */ = {isa = PBXBuildFile; fileRef = D1E17B7B2CAAE34200F228A9 /* LoginViewController.swift */; };
		D1E17B7E2CAAE34D00F228A9 /* LoginViewModel.swift in Sources */ = {isa = PBXBuildFile; fileRef = D1E17B7D2CAAE34D00F228A9 /* LoginViewModel.swift */; };
		D1E17B802CAAE35600F228A9 /* LoginStoryboard.storyboard in Resources */ = {isa = PBXBuildFile; fileRef = D1E17B7F2CAAE35600F228A9 /* LoginStoryboard.storyboard */; };
		D1E17B822CAAF05800F228A9 /* NetworkManager.swift in Sources */ = {isa = PBXBuildFile; fileRef = D1E17B812CAAF05800F228A9 /* NetworkManager.swift */; };
		D1E17B842CAAF07500F228A9 /* Constants.swift in Sources */ = {isa = PBXBuildFile; fileRef = D1E17B832CAAF07500F228A9 /* Constants.swift */; };
		D1E17B862CAAF17E00F228A9 /* RandomUserResponse.swift in Sources */ = {isa = PBXBuildFile; fileRef = D1E17B852CAAF17E00F228A9 /* RandomUserResponse.swift */; };
		D1E17B882CAAF19C00F228A9 /* Result.swift in Sources */ = {isa = PBXBuildFile; fileRef = D1E17B872CAAF19C00F228A9 /* Result.swift */; };
		D1E17B8A2CAAF1B700F228A9 /* Picture.swift in Sources */ = {isa = PBXBuildFile; fileRef = D1E17B892CAAF1B700F228A9 /* Picture.swift */; };
		D1E17B8C2CAAF1C500F228A9 /* Name.swift in Sources */ = {isa = PBXBuildFile; fileRef = D1E17B8B2CAAF1C500F228A9 /* Name.swift */; };
		D1E17B8E2CAAF1D900F228A9 /* Login.swift in Sources */ = {isa = PBXBuildFile; fileRef = D1E17B8D2CAAF1D900F228A9 /* Login.swift */; };
		D1E17B902CAAF1FC00F228A9 /* Location.swift in Sources */ = {isa = PBXBuildFile; fileRef = D1E17B8F2CAAF1FC00F228A9 /* Location.swift */; };
		D1E17B922CAAF21100F228A9 /* Timezone.swift in Sources */ = {isa = PBXBuildFile; fileRef = D1E17B912CAAF21100F228A9 /* Timezone.swift */; };
		D1E17B942CAAF22200F228A9 /* Street.swift in Sources */ = {isa = PBXBuildFile; fileRef = D1E17B932CAAF22200F228A9 /* Street.swift */; };
		D1E17B962CAAF23300F228A9 /* Coordinate.swift in Sources */ = {isa = PBXBuildFile; fileRef = D1E17B952CAAF23300F228A9 /* Coordinate.swift */; };
		D1E17B982CAAF24200F228A9 /* Id.swift in Sources */ = {isa = PBXBuildFile; fileRef = D1E17B972CAAF24200F228A9 /* Id.swift */; };
		D1E17B9A2CAAF25000F228A9 /* Dob.swift in Sources */ = {isa = PBXBuildFile; fileRef = D1E17B992CAAF25000F228A9 /* Dob.swift */; };
		D1E17B9C2CAAF25F00F228A9 /* Info.swift in Sources */ = {isa = PBXBuildFile; fileRef = D1E17B9B2CAAF25F00F228A9 /* Info.swift */; };
		D1E17B9E2CAAF30800F228A9 /* RandomUserManager.swift in Sources */ = {isa = PBXBuildFile; fileRef = D1E17B9D2CAAF30800F228A9 /* RandomUserManager.swift */; };
		D1E17BA02CAAFB4300F228A9 /* ListingViewController.swift in Sources */ = {isa = PBXBuildFile; fileRef = D1E17B9F2CAAFB4300F228A9 /* ListingViewController.swift */; };
		D1E17BA22CAAFB4D00F228A9 /* ListingViewModel.swift in Sources */ = {isa = PBXBuildFile; fileRef = D1E17BA12CAAFB4D00F228A9 /* ListingViewModel.swift */; };
		D1E17BA42CAAFB5B00F228A9 /* ListingStoryboard.storyboard in Resources */ = {isa = PBXBuildFile; fileRef = D1E17BA32CAAFB5B00F228A9 /* ListingStoryboard.storyboard */; };
		D1E17BA82CAAFBE100F228A9 /* UserTableViewCell.swift in Sources */ = {isa = PBXBuildFile; fileRef = D1E17BA62CAAFBE100F228A9 /* UserTableViewCell.swift */; };
		D1E17BA92CAAFBE100F228A9 /* UserTableViewCell.xib in Resources */ = {isa = PBXBuildFile; fileRef = D1E17BA72CAAFBE100F228A9 /* UserTableViewCell.xib */; };
		D1E17BAB2CAB1EA700F228A9 /* UIImageView+Extension.swift in Sources */ = {isa = PBXBuildFile; fileRef = D1E17BAA2CAB1EA700F228A9 /* UIImageView+Extension.swift */; };
		D1E17BAD2CAB1F9900F228A9 /* DetailViewController.swift in Sources */ = {isa = PBXBuildFile; fileRef = D1E17BAC2CAB1F9900F228A9 /* DetailViewController.swift */; };
		D1E17BAF2CAB1FA300F228A9 /* DetailViewModel.swift in Sources */ = {isa = PBXBuildFile; fileRef = D1E17BAE2CAB1FA300F228A9 /* DetailViewModel.swift */; };
		D1E17BB12CAB1FAD00F228A9 /* DetailStoryboard.storyboard in Resources */ = {isa = PBXBuildFile; fileRef = D1E17BB02CAB1FAD00F228A9 /* DetailStoryboard.storyboard */; };
		D1E17BB62CAB4F1100F228A9 /* CachedUser.swift in Sources */ = {isa = PBXBuildFile; fileRef = D1E17BB52CAB4F1100F228A9 /* CachedUser.swift */; };
		D1E17BB82CAB506200F228A9 /* RealmManager.swift in Sources */ = {isa = PBXBuildFile; fileRef = D1E17BB72CAB506200F228A9 /* RealmManager.swift */; };
/* End PBXBuildFile section */

/* Begin PBXContainerItemProxy section */
		D1E17B4A2CAADECA00F228A9 /* PBXContainerItemProxy */ = {
			isa = PBXContainerItemProxy;
			containerPortal = D1E17B282CAADEC700F228A9 /* Project object */;
			proxyType = 1;
			remoteGlobalIDString = D1E17B2F2CAADEC700F228A9;
			remoteInfo = FriendsList;
		};
		D1E17B542CAADECA00F228A9 /* PBXContainerItemProxy */ = {
			isa = PBXContainerItemProxy;
			containerPortal = D1E17B282CAADEC700F228A9 /* Project object */;
			proxyType = 1;
			remoteGlobalIDString = D1E17B2F2CAADEC700F228A9;
			remoteInfo = FriendsList;
		};
/* End PBXContainerItemProxy section */

/* Begin PBXFileReference section */
		0535EBD02F9DF7A835690BAF /* Pods-FriendsListTests.debug.xcconfig */ = {isa = PBXFileReference; includeInIndex = 1; lastKnownFileType = text.xcconfig; name = "Pods-FriendsListTests.debug.xcconfig"; path = "Target Support Files/Pods-FriendsListTests/Pods-FriendsListTests.debug.xcconfig"; sourceTree = "<group>"; };
		0A68E5124DEC6C055EEF8F42 /* Pods_FriendsList_FriendsListUITests.framework */ = {isa = PBXFileReference; explicitFileType = wrapper.framework; includeInIndex = 0; path = Pods_FriendsList_FriendsListUITests.framework; sourceTree = BUILT_PRODUCTS_DIR; };
		3CB8A12A1CBA753100E30C8A /* Pods-FriendsListTests.release.xcconfig */ = {isa = PBXFileReference; includeInIndex = 1; lastKnownFileType = text.xcconfig; name = "Pods-FriendsListTests.release.xcconfig"; path = "Target Support Files/Pods-FriendsListTests/Pods-FriendsListTests.release.xcconfig"; sourceTree = "<group>"; };
		777BC354CE54C0DE7E09D194 /* Pods-FriendsList-FriendsListUITests.debug.xcconfig */ = {isa = PBXFileReference; includeInIndex = 1; lastKnownFileType = text.xcconfig; name = "Pods-FriendsList-FriendsListUITests.debug.xcconfig"; path = "Target Support Files/Pods-FriendsList-FriendsListUITests/Pods-FriendsList-FriendsListUITests.debug.xcconfig"; sourceTree = "<group>"; };
		9D459367C11302F56AD5A0FB /* Pods-FriendsList-FriendsListUITests.release.xcconfig */ = {isa = PBXFileReference; includeInIndex = 1; lastKnownFileType = text.xcconfig; name = "Pods-FriendsList-FriendsListUITests.release.xcconfig"; path = "Target Support Files/Pods-FriendsList-FriendsListUITests/Pods-FriendsList-FriendsListUITests.release.xcconfig"; sourceTree = "<group>"; };
		AEA22CC29B2BEDCCC0D95DD1 /* Pods-FriendsList.release.xcconfig */ = {isa = PBXFileReference; includeInIndex = 1; lastKnownFileType = text.xcconfig; name = "Pods-FriendsList.release.xcconfig"; path = "Target Support Files/Pods-FriendsList/Pods-FriendsList.release.xcconfig"; sourceTree = "<group>"; };
		B8ECCF8157D5C321A2F3CDD9 /* Pods-FriendsList.debug.xcconfig */ = {isa = PBXFileReference; includeInIndex = 1; lastKnownFileType = text.xcconfig; name = "Pods-FriendsList.debug.xcconfig"; path = "Target Support Files/Pods-FriendsList/Pods-FriendsList.debug.xcconfig"; sourceTree = "<group>"; };
		C1781D28D06E43A9A436E0F3 /* Pods_FriendsListTests.framework */ = {isa = PBXFileReference; explicitFileType = wrapper.framework; includeInIndex = 0; path = Pods_FriendsListTests.framework; sourceTree = BUILT_PRODUCTS_DIR; };
		D15C16822CABEF16008E3536 /* ListingViewModelsTest.swift */ = {isa = PBXFileReference; lastKnownFileType = sourcecode.swift; path = ListingViewModelsTest.swift; sourceTree = "<group>"; };
		D1E17B302CAADEC700F228A9 /* FriendsList.app */ = {isa = PBXFileReference; explicitFileType = wrapper.application; includeInIndex = 0; path = FriendsList.app; sourceTree = BUILT_PRODUCTS_DIR; };
		D1E17B332CAADEC700F228A9 /* AppDelegate.swift */ = {isa = PBXFileReference; lastKnownFileType = sourcecode.swift; path = AppDelegate.swift; sourceTree = "<group>"; };
		D1E17B352CAADEC700F228A9 /* SceneDelegate.swift */ = {isa = PBXFileReference; lastKnownFileType = sourcecode.swift; path = SceneDelegate.swift; sourceTree = "<group>"; };
		D1E17B3D2CAADEC700F228A9 /* FriendsList.xcdatamodel */ = {isa = PBXFileReference; lastKnownFileType = wrapper.xcdatamodel; path = FriendsList.xcdatamodel; sourceTree = "<group>"; };
		D1E17B3F2CAADECA00F228A9 /* Assets.xcassets */ = {isa = PBXFileReference; lastKnownFileType = folder.assetcatalog; path = Assets.xcassets; sourceTree = "<group>"; };
		D1E17B422CAADECA00F228A9 /* Base */ = {isa = PBXFileReference; lastKnownFileType = file.storyboard; name = Base; path = Base.lproj/LaunchScreen.storyboard; sourceTree = "<group>"; };
		D1E17B442CAADECA00F228A9 /* Info.plist */ = {isa = PBXFileReference; lastKnownFileType = text.plist.xml; path = Info.plist; sourceTree = "<group>"; };
		D1E17B492CAADECA00F228A9 /* FriendsListTests.xctest */ = {isa = PBXFileReference; explicitFileType = wrapper.cfbundle; includeInIndex = 0; path = FriendsListTests.xctest; sourceTree = BUILT_PRODUCTS_DIR; };
		D1E17B4D2CAADECA00F228A9 /* FriendsListTests.swift */ = {isa = PBXFileReference; lastKnownFileType = sourcecode.swift; path = FriendsListTests.swift; sourceTree = "<group>"; };
		D1E17B532CAADECA00F228A9 /* FriendsListUITests.xctest */ = {isa = PBXFileReference; explicitFileType = wrapper.cfbundle; includeInIndex = 0; path = FriendsListUITests.xctest; sourceTree = BUILT_PRODUCTS_DIR; };
		D1E17B572CAADECA00F228A9 /* FriendsListUITests.swift */ = {isa = PBXFileReference; lastKnownFileType = sourcecode.swift; path = FriendsListUITests.swift; sourceTree = "<group>"; };
		D1E17B592CAADECA00F228A9 /* FriendsListUITestsLaunchTests.swift */ = {isa = PBXFileReference; lastKnownFileType = sourcecode.swift; path = FriendsListUITestsLaunchTests.swift; sourceTree = "<group>"; };
		D1E17B712CAAE1A200F228A9 /* AlertPresentable.swift */ = {isa = PBXFileReference; lastKnownFileType = sourcecode.swift; path = AlertPresentable.swift; sourceTree = "<group>"; };
		D1E17B732CAAE1D800F228A9 /* ProgressIndicatorPresentable.swift */ = {isa = PBXFileReference; lastKnownFileType = sourcecode.swift; path = ProgressIndicatorPresentable.swift; sourceTree = "<group>"; };
		D1E17B752CAAE20A00F228A9 /* UIView+Extension.swift */ = {isa = PBXFileReference; lastKnownFileType = sourcecode.swift; path = "UIView+Extension.swift"; sourceTree = "<group>"; };
		D1E17B772CAAE23400F228A9 /* String+Extension.swift */ = {isa = PBXFileReference; lastKnownFileType = sourcecode.swift; path = "String+Extension.swift"; sourceTree = "<group>"; };
		D1E17B792CAAE2D900F228A9 /* UIViewController+Extension.swift */ = {isa = PBXFileReference; lastKnownFileType = sourcecode.swift; path = "UIViewController+Extension.swift"; sourceTree = "<group>"; };
		D1E17B7B2CAAE34200F228A9 /* LoginViewController.swift */ = {isa = PBXFileReference; lastKnownFileType = sourcecode.swift; path = LoginViewController.swift; sourceTree = "<group>"; };
		D1E17B7D2CAAE34D00F228A9 /* LoginViewModel.swift */ = {isa = PBXFileReference; lastKnownFileType = sourcecode.swift; path = LoginViewModel.swift; sourceTree = "<group>"; };
		D1E17B7F2CAAE35600F228A9 /* LoginStoryboard.storyboard */ = {isa = PBXFileReference; lastKnownFileType = file.storyboard; path = LoginStoryboard.storyboard; sourceTree = "<group>"; };
		D1E17B812CAAF05800F228A9 /* NetworkManager.swift */ = {isa = PBXFileReference; lastKnownFileType = sourcecode.swift; path = NetworkManager.swift; sourceTree = "<group>"; };
		D1E17B832CAAF07500F228A9 /* Constants.swift */ = {isa = PBXFileReference; lastKnownFileType = sourcecode.swift; path = Constants.swift; sourceTree = "<group>"; };
		D1E17B852CAAF17E00F228A9 /* RandomUserResponse.swift */ = {isa = PBXFileReference; lastKnownFileType = sourcecode.swift; path = RandomUserResponse.swift; sourceTree = "<group>"; };
		D1E17B872CAAF19C00F228A9 /* Result.swift */ = {isa = PBXFileReference; lastKnownFileType = sourcecode.swift; path = Result.swift; sourceTree = "<group>"; };
		D1E17B892CAAF1B700F228A9 /* Picture.swift */ = {isa = PBXFileReference; lastKnownFileType = sourcecode.swift; path = Picture.swift; sourceTree = "<group>"; };
		D1E17B8B2CAAF1C500F228A9 /* Name.swift */ = {isa = PBXFileReference; lastKnownFileType = sourcecode.swift; path = Name.swift; sourceTree = "<group>"; };
		D1E17B8D2CAAF1D900F228A9 /* Login.swift */ = {isa = PBXFileReference; lastKnownFileType = sourcecode.swift; path = Login.swift; sourceTree = "<group>"; };
		D1E17B8F2CAAF1FC00F228A9 /* Location.swift */ = {isa = PBXFileReference; lastKnownFileType = sourcecode.swift; path = Location.swift; sourceTree = "<group>"; };
		D1E17B912CAAF21100F228A9 /* Timezone.swift */ = {isa = PBXFileReference; lastKnownFileType = sourcecode.swift; path = Timezone.swift; sourceTree = "<group>"; };
		D1E17B932CAAF22200F228A9 /* Street.swift */ = {isa = PBXFileReference; lastKnownFileType = sourcecode.swift; path = Street.swift; sourceTree = "<group>"; };
		D1E17B952CAAF23300F228A9 /* Coordinate.swift */ = {isa = PBXFileReference; lastKnownFileType = sourcecode.swift; path = Coordinate.swift; sourceTree = "<group>"; };
		D1E17B972CAAF24200F228A9 /* Id.swift */ = {isa = PBXFileReference; lastKnownFileType = sourcecode.swift; path = Id.swift; sourceTree = "<group>"; };
		D1E17B992CAAF25000F228A9 /* Dob.swift */ = {isa = PBXFileReference; lastKnownFileType = sourcecode.swift; path = Dob.swift; sourceTree = "<group>"; };
		D1E17B9B2CAAF25F00F228A9 /* Info.swift */ = {isa = PBXFileReference; lastKnownFileType = sourcecode.swift; path = Info.swift; sourceTree = "<group>"; };
		D1E17B9D2CAAF30800F228A9 /* RandomUserManager.swift */ = {isa = PBXFileReference; lastKnownFileType = sourcecode.swift; path = RandomUserManager.swift; sourceTree = "<group>"; };
		D1E17B9F2CAAFB4300F228A9 /* ListingViewController.swift */ = {isa = PBXFileReference; lastKnownFileType = sourcecode.swift; path = ListingViewController.swift; sourceTree = "<group>"; };
		D1E17BA12CAAFB4D00F228A9 /* ListingViewModel.swift */ = {isa = PBXFileReference; lastKnownFileType = sourcecode.swift; path = ListingViewModel.swift; sourceTree = "<group>"; };
		D1E17BA32CAAFB5B00F228A9 /* ListingStoryboard.storyboard */ = {isa = PBXFileReference; lastKnownFileType = file.storyboard; path = ListingStoryboard.storyboard; sourceTree = "<group>"; };
		D1E17BA62CAAFBE100F228A9 /* UserTableViewCell.swift */ = {isa = PBXFileReference; lastKnownFileType = sourcecode.swift; path = UserTableViewCell.swift; sourceTree = "<group>"; };
		D1E17BA72CAAFBE100F228A9 /* UserTableViewCell.xib */ = {isa = PBXFileReference; lastKnownFileType = file.xib; path = UserTableViewCell.xib; sourceTree = "<group>"; };
		D1E17BAA2CAB1EA700F228A9 /* UIImageView+Extension.swift */ = {isa = PBXFileReference; lastKnownFileType = sourcecode.swift; path = "UIImageView+Extension.swift"; sourceTree = "<group>"; };
		D1E17BAC2CAB1F9900F228A9 /* DetailViewController.swift */ = {isa = PBXFileReference; lastKnownFileType = sourcecode.swift; path = DetailViewController.swift; sourceTree = "<group>"; };
		D1E17BAE2CAB1FA300F228A9 /* DetailViewModel.swift */ = {isa = PBXFileReference; lastKnownFileType = sourcecode.swift; path = DetailViewModel.swift; sourceTree = "<group>"; };
		D1E17BB02CAB1FAD00F228A9 /* DetailStoryboard.storyboard */ = {isa = PBXFileReference; lastKnownFileType = file.storyboard; path = DetailStoryboard.storyboard; sourceTree = "<group>"; };
		D1E17BB52CAB4F1100F228A9 /* CachedUser.swift */ = {isa = PBXFileReference; lastKnownFileType = sourcecode.swift; path = CachedUser.swift; sourceTree = "<group>"; };
		D1E17BB72CAB506200F228A9 /* RealmManager.swift */ = {isa = PBXFileReference; lastKnownFileType = sourcecode.swift; path = RealmManager.swift; sourceTree = "<group>"; };
		F22C929F262E4B7C5A198811 /* Pods_FriendsList.framework */ = {isa = PBXFileReference; explicitFileType = wrapper.framework; includeInIndex = 0; path = Pods_FriendsList.framework; sourceTree = BUILT_PRODUCTS_DIR; };
/* End PBXFileReference section */

/* Begin PBXFrameworksBuildPhase section */
		D1E17B2D2CAADEC700F228A9 /* Frameworks */ = {
			isa = PBXFrameworksBuildPhase;
			buildActionMask = 2147483647;
			files = (
				5ED88B8C3C153963F47FDCD3 /* Pods_FriendsList.framework in Frameworks */,
			);
			runOnlyForDeploymentPostprocessing = 0;
		};
		D1E17B462CAADECA00F228A9 /* Frameworks */ = {
			isa = PBXFrameworksBuildPhase;
			buildActionMask = 2147483647;
			files = (
				534AE3A905490FD502EE2D58 /* Pods_FriendsListTests.framework in Frameworks */,
			);
			runOnlyForDeploymentPostprocessing = 0;
		};
		D1E17B502CAADECA00F228A9 /* Frameworks */ = {
			isa = PBXFrameworksBuildPhase;
			buildActionMask = 2147483647;
			files = (
				7C4A315F1CCC3FC9A2757694 /* Pods_FriendsList_FriendsListUITests.framework in Frameworks */,
			);
			runOnlyForDeploymentPostprocessing = 0;
		};
/* End PBXFrameworksBuildPhase section */

/* Begin PBXGroup section */
		62AD250AB94846C79ADDFB74 /* Frameworks */ = {
			isa = PBXGroup;
			children = (
				F22C929F262E4B7C5A198811 /* Pods_FriendsList.framework */,
				0A68E5124DEC6C055EEF8F42 /* Pods_FriendsList_FriendsListUITests.framework */,
				C1781D28D06E43A9A436E0F3 /* Pods_FriendsListTests.framework */,
			);
			name = Frameworks;
			sourceTree = "<group>";
		};
		A7E181DC342E6E03B2E25EC8 /* Pods */ = {
			isa = PBXGroup;
			children = (
				B8ECCF8157D5C321A2F3CDD9 /* Pods-FriendsList.debug.xcconfig */,
				AEA22CC29B2BEDCCC0D95DD1 /* Pods-FriendsList.release.xcconfig */,
				777BC354CE54C0DE7E09D194 /* Pods-FriendsList-FriendsListUITests.debug.xcconfig */,
				9D459367C11302F56AD5A0FB /* Pods-FriendsList-FriendsListUITests.release.xcconfig */,
				0535EBD02F9DF7A835690BAF /* Pods-FriendsListTests.debug.xcconfig */,
				3CB8A12A1CBA753100E30C8A /* Pods-FriendsListTests.release.xcconfig */,
			);
			path = Pods;
			sourceTree = "<group>";
		};
		D15C16802CABEE94008E3536 /* Modules */ = {
			isa = PBXGroup;
			children = (
				D15C16812CABEE9C008E3536 /* Listing */,
			);
			path = Modules;
			sourceTree = "<group>";
		};
		D15C16812CABEE9C008E3536 /* Listing */ = {
			isa = PBXGroup;
			children = (
				D15C16822CABEF16008E3536 /* ListingViewModelsTest.swift */,
			);
			path = Listing;
			sourceTree = "<group>";
		};
		D1E17B272CAADEC700F228A9 = {
			isa = PBXGroup;
			children = (
				D1E17B322CAADEC700F228A9 /* FriendsList */,
				D1E17B4C2CAADECA00F228A9 /* FriendsListTests */,
				D1E17B562CAADECA00F228A9 /* FriendsListUITests */,
				D1E17B312CAADEC700F228A9 /* Products */,
				A7E181DC342E6E03B2E25EC8 /* Pods */,
				62AD250AB94846C79ADDFB74 /* Frameworks */,
			);
			sourceTree = "<group>";
		};
		D1E17B312CAADEC700F228A9 /* Products */ = {
			isa = PBXGroup;
			children = (
				D1E17B302CAADEC700F228A9 /* FriendsList.app */,
				D1E17B492CAADECA00F228A9 /* FriendsListTests.xctest */,
				D1E17B532CAADECA00F228A9 /* FriendsListUITests.xctest */,
			);
			name = Products;
			sourceTree = "<group>";
		};
		D1E17B322CAADEC700F228A9 /* FriendsList */ = {
			isa = PBXGroup;
			children = (
				D1E17B692CAADFE900F228A9 /* Resources */,
				D1E17B662CAADF2700F228A9 /* Helpers */,
				D1E17B672CAADF3A00F228A9 /* Extensions */,
				D1E17B682CAADF4200F228A9 /* Managers */,
				D1E17B6D2CAAE02C00F228A9 /* Models */,
				D1E17B6C2CAAE02400F228A9 /* Modules */,
				D1E17B3F2CAADECA00F228A9 /* Assets.xcassets */,
				D1E17B412CAADECA00F228A9 /* LaunchScreen.storyboard */,
				D1E17B442CAADECA00F228A9 /* Info.plist */,
				D1E17B3C2CAADEC700F228A9 /* FriendsList.xcdatamodeld */,
			);
			path = FriendsList;
			sourceTree = "<group>";
		};
		D1E17B4C2CAADECA00F228A9 /* FriendsListTests */ = {
			isa = PBXGroup;
			children = (
				D15C16802CABEE94008E3536 /* Modules */,
				D1E17B4D2CAADECA00F228A9 /* FriendsListTests.swift */,
			);
			path = FriendsListTests;
			sourceTree = "<group>";
		};
		D1E17B562CAADECA00F228A9 /* FriendsListUITests */ = {
			isa = PBXGroup;
			children = (
				D1E17B572CAADECA00F228A9 /* FriendsListUITests.swift */,
				D1E17B592CAADECA00F228A9 /* FriendsListUITestsLaunchTests.swift */,
			);
			path = FriendsListUITests;
			sourceTree = "<group>";
		};
		D1E17B662CAADF2700F228A9 /* Helpers */ = {
			isa = PBXGroup;
			children = (
				D1E17B712CAAE1A200F228A9 /* AlertPresentable.swift */,
				D1E17B732CAAE1D800F228A9 /* ProgressIndicatorPresentable.swift */,
			);
			path = Helpers;
			sourceTree = "<group>";
		};
		D1E17B672CAADF3A00F228A9 /* Extensions */ = {
			isa = PBXGroup;
			children = (
				D1E17B752CAAE20A00F228A9 /* UIView+Extension.swift */,
				D1E17B772CAAE23400F228A9 /* String+Extension.swift */,
				D1E17B792CAAE2D900F228A9 /* UIViewController+Extension.swift */,
				D1E17BAA2CAB1EA700F228A9 /* UIImageView+Extension.swift */,
			);
			path = Extensions;
			sourceTree = "<group>";
		};
		D1E17B682CAADF4200F228A9 /* Managers */ = {
			isa = PBXGroup;
			children = (
				D1E17B812CAAF05800F228A9 /* NetworkManager.swift */,
				D1E17B9D2CAAF30800F228A9 /* RandomUserManager.swift */,
				D1E17BB72CAB506200F228A9 /* RealmManager.swift */,
			);
			path = Managers;
			sourceTree = "<group>";
		};
		D1E17B692CAADFE900F228A9 /* Resources */ = {
			isa = PBXGroup;
			children = (
				D1E17B332CAADEC700F228A9 /* AppDelegate.swift */,
				D1E17B352CAADEC700F228A9 /* SceneDelegate.swift */,
				D1E17B832CAAF07500F228A9 /* Constants.swift */,
			);
			path = Resources;
			sourceTree = "<group>";
		};
		D1E17B6C2CAAE02400F228A9 /* Modules */ = {
			isa = PBXGroup;
			children = (
				D1E17B6E2CAAE11100F228A9 /* Login */,
				D1E17B6F2CAAE11700F228A9 /* Listing */,
				D1E17B702CAAE11C00F228A9 /* Detail */,
			);
			path = Modules;
			sourceTree = "<group>";
		};
		D1E17B6D2CAAE02C00F228A9 /* Models */ = {
			isa = PBXGroup;
			children = (
				D1E17BB42CAB4E8100F228A9 /* ResponseModels */,
				D1E17BB32CAB4E7800F228A9 /* RealmModels */,
			);
			path = Models;
			sourceTree = "<group>";
		};
		D1E17B6E2CAAE11100F228A9 /* Login */ = {
			isa = PBXGroup;
			children = (
				D1E17B7B2CAAE34200F228A9 /* LoginViewController.swift */,
				D1E17B7D2CAAE34D00F228A9 /* LoginViewModel.swift */,
				D1E17B7F2CAAE35600F228A9 /* LoginStoryboard.storyboard */,
			);
			path = Login;
			sourceTree = "<group>";
		};
		D1E17B6F2CAAE11700F228A9 /* Listing */ = {
			isa = PBXGroup;
			children = (
				D1E17B9F2CAAFB4300F228A9 /* ListingViewController.swift */,
				D1E17BA12CAAFB4D00F228A9 /* ListingViewModel.swift */,
				D1E17BA32CAAFB5B00F228A9 /* ListingStoryboard.storyboard */,
				D1E17BA52CAAFBBF00F228A9 /* UserTableViewCell */,
			);
			path = Listing;
			sourceTree = "<group>";
		};
		D1E17B702CAAE11C00F228A9 /* Detail */ = {
			isa = PBXGroup;
			children = (
				D1E17BAC2CAB1F9900F228A9 /* DetailViewController.swift */,
				D1E17BAE2CAB1FA300F228A9 /* DetailViewModel.swift */,
				D1E17BB02CAB1FAD00F228A9 /* DetailStoryboard.storyboard */,
			);
			path = Detail;
			sourceTree = "<group>";
		};
		D1E17BA52CAAFBBF00F228A9 /* UserTableViewCell */ = {
			isa = PBXGroup;
			children = (
				D1E17BA62CAAFBE100F228A9 /* UserTableViewCell.swift */,
				D1E17BA72CAAFBE100F228A9 /* UserTableViewCell.xib */,
			);
			path = UserTableViewCell;
			sourceTree = "<group>";
		};
		D1E17BB32CAB4E7800F228A9 /* RealmModels */ = {
			isa = PBXGroup;
			children = (
				D1E17BB52CAB4F1100F228A9 /* CachedUser.swift */,
			);
			path = RealmModels;
			sourceTree = "<group>";
		};
		D1E17BB42CAB4E8100F228A9 /* ResponseModels */ = {
			isa = PBXGroup;
			children = (
				D1E17B852CAAF17E00F228A9 /* RandomUserResponse.swift */,
				D1E17B872CAAF19C00F228A9 /* Result.swift */,
				D1E17B892CAAF1B700F228A9 /* Picture.swift */,
				D1E17B8B2CAAF1C500F228A9 /* Name.swift */,
				D1E17B8D2CAAF1D900F228A9 /* Login.swift */,
				D1E17B8F2CAAF1FC00F228A9 /* Location.swift */,
				D1E17B912CAAF21100F228A9 /* Timezone.swift */,
				D1E17B932CAAF22200F228A9 /* Street.swift */,
				D1E17B952CAAF23300F228A9 /* Coordinate.swift */,
				D1E17B972CAAF24200F228A9 /* Id.swift */,
				D1E17B992CAAF25000F228A9 /* Dob.swift */,
				D1E17B9B2CAAF25F00F228A9 /* Info.swift */,
			);
			path = ResponseModels;
			sourceTree = "<group>";
		};
/* End PBXGroup section */

/* Begin PBXNativeTarget section */
		D1E17B2F2CAADEC700F228A9 /* FriendsList */ = {
			isa = PBXNativeTarget;
			buildConfigurationList = D1E17B5D2CAADECA00F228A9 /* Build configuration list for PBXNativeTarget "FriendsList" */;
			buildPhases = (
				5200C3A9C2630E2248D292F7 /* [CP] Check Pods Manifest.lock */,
				D1E17B2C2CAADEC700F228A9 /* Sources */,
				D1E17B2D2CAADEC700F228A9 /* Frameworks */,
				D1E17B2E2CAADEC700F228A9 /* Resources */,
				657AB5F071DE9BC3267E65B0 /* [CP] Embed Pods Frameworks */,
			);
			buildRules = (
			);
			dependencies = (
			);
			name = FriendsList;
			productName = FriendsList;
			productReference = D1E17B302CAADEC700F228A9 /* FriendsList.app */;
			productType = "com.apple.product-type.application";
		};
		D1E17B482CAADECA00F228A9 /* FriendsListTests */ = {
			isa = PBXNativeTarget;
			buildConfigurationList = D1E17B602CAADECA00F228A9 /* Build configuration list for PBXNativeTarget "FriendsListTests" */;
			buildPhases = (
				A9097348514579D638033F81 /* [CP] Check Pods Manifest.lock */,
				D1E17B452CAADECA00F228A9 /* Sources */,
				D1E17B462CAADECA00F228A9 /* Frameworks */,
				D1E17B472CAADECA00F228A9 /* Resources */,
			);
			buildRules = (
			);
			dependencies = (
				D1E17B4B2CAADECA00F228A9 /* PBXTargetDependency */,
			);
			name = FriendsListTests;
			productName = FriendsListTests;
			productReference = D1E17B492CAADECA00F228A9 /* FriendsListTests.xctest */;
			productType = "com.apple.product-type.bundle.unit-test";
		};
		D1E17B522CAADECA00F228A9 /* FriendsListUITests */ = {
			isa = PBXNativeTarget;
			buildConfigurationList = D1E17B632CAADECA00F228A9 /* Build configuration list for PBXNativeTarget "FriendsListUITests" */;
			buildPhases = (
				8EA64CC330ABCAC9F5632FB2 /* [CP] Check Pods Manifest.lock */,
				D1E17B4F2CAADECA00F228A9 /* Sources */,
				D1E17B502CAADECA00F228A9 /* Frameworks */,
				D1E17B512CAADECA00F228A9 /* Resources */,
				20536A7591F33B514B66F09F /* [CP] Embed Pods Frameworks */,
			);
			buildRules = (
			);
			dependencies = (
				D1E17B552CAADECA00F228A9 /* PBXTargetDependency */,
			);
			name = FriendsListUITests;
			productName = FriendsListUITests;
			productReference = D1E17B532CAADECA00F228A9 /* FriendsListUITests.xctest */;
			productType = "com.apple.product-type.bundle.ui-testing";
		};
/* End PBXNativeTarget section */

/* Begin PBXProject section */
		D1E17B282CAADEC700F228A9 /* Project object */ = {
			isa = PBXProject;
			attributes = {
				BuildIndependentTargetsInParallel = 1;
				LastSwiftUpdateCheck = 1520;
				LastUpgradeCheck = 1520;
				TargetAttributes = {
					D1E17B2F2CAADEC700F228A9 = {
						CreatedOnToolsVersion = 15.2;
					};
					D1E17B482CAADECA00F228A9 = {
						CreatedOnToolsVersion = 15.2;
						TestTargetID = D1E17B2F2CAADEC700F228A9;
					};
					D1E17B522CAADECA00F228A9 = {
						CreatedOnToolsVersion = 15.2;
						TestTargetID = D1E17B2F2CAADEC700F228A9;
					};
				};
			};
			buildConfigurationList = D1E17B2B2CAADEC700F228A9 /* Build configuration list for PBXProject "FriendsList" */;
			compatibilityVersion = "Xcode 14.0";
			developmentRegion = en;
			hasScannedForEncodings = 0;
			knownRegions = (
				en,
				Base,
			);
			mainGroup = D1E17B272CAADEC700F228A9;
			productRefGroup = D1E17B312CAADEC700F228A9 /* Products */;
			projectDirPath = "";
			projectRoot = "";
			targets = (
				D1E17B2F2CAADEC700F228A9 /* FriendsList */,
				D1E17B482CAADECA00F228A9 /* FriendsListTests */,
				D1E17B522CAADECA00F228A9 /* FriendsListUITests */,
			);
		};
/* End PBXProject section */

/* Begin PBXResourcesBuildPhase section */
		D1E17B2E2CAADEC700F228A9 /* Resources */ = {
			isa = PBXResourcesBuildPhase;
			buildActionMask = 2147483647;
			files = (
				D1E17B432CAADECA00F228A9 /* LaunchScreen.storyboard in Resources */,
				D1E17B402CAADECA00F228A9 /* Assets.xcassets in Resources */,
				D1E17BB12CAB1FAD00F228A9 /* DetailStoryboard.storyboard in Resources */,
				D1E17BA42CAAFB5B00F228A9 /* ListingStoryboard.storyboard in Resources */,
				D1E17B802CAAE35600F228A9 /* LoginStoryboard.storyboard in Resources */,
				D1E17BA92CAAFBE100F228A9 /* UserTableViewCell.xib in Resources */,
			);
			runOnlyForDeploymentPostprocessing = 0;
		};
		D1E17B472CAADECA00F228A9 /* Resources */ = {
			isa = PBXResourcesBuildPhase;
			buildActionMask = 2147483647;
			files = (
			);
			runOnlyForDeploymentPostprocessing = 0;
		};
		D1E17B512CAADECA00F228A9 /* Resources */ = {
			isa = PBXResourcesBuildPhase;
			buildActionMask = 2147483647;
			files = (
			);
			runOnlyForDeploymentPostprocessing = 0;
		};
/* End PBXResourcesBuildPhase section */

/* Begin PBXShellScriptBuildPhase section */
		20536A7591F33B514B66F09F /* [CP] Embed Pods Frameworks */ = {
			isa = PBXShellScriptBuildPhase;
			buildActionMask = 2147483647;
			files = (
			);
			inputFileListPaths = (
				"${PODS_ROOT}/Target Support Files/Pods-FriendsList-FriendsListUITests/Pods-FriendsList-FriendsListUITests-frameworks-${CONFIGURATION}-input-files.xcfilelist",
			);
			name = "[CP] Embed Pods Frameworks";
			outputFileListPaths = (
				"${PODS_ROOT}/Target Support Files/Pods-FriendsList-FriendsListUITests/Pods-FriendsList-FriendsListUITests-frameworks-${CONFIGURATION}-output-files.xcfilelist",
			);
			runOnlyForDeploymentPostprocessing = 0;
			shellPath = /bin/sh;
			shellScript = "\"${PODS_ROOT}/Target Support Files/Pods-FriendsList-FriendsListUITests/Pods-FriendsList-FriendsListUITests-frameworks.sh\"\n";
			showEnvVarsInLog = 0;
		};
		5200C3A9C2630E2248D292F7 /* [CP] Check Pods Manifest.lock */ = {
			isa = PBXShellScriptBuildPhase;
			buildActionMask = 2147483647;
			files = (
			);
			inputFileListPaths = (
			);
			inputPaths = (
				"${PODS_PODFILE_DIR_PATH}/Podfile.lock",
				"${PODS_ROOT}/Manifest.lock",
			);
			name = "[CP] Check Pods Manifest.lock";
			outputFileListPaths = (
			);
			outputPaths = (
				"$(DERIVED_FILE_DIR)/Pods-FriendsList-checkManifestLockResult.txt",
			);
			runOnlyForDeploymentPostprocessing = 0;
			shellPath = /bin/sh;
			shellScript = "diff \"${PODS_PODFILE_DIR_PATH}/Podfile.lock\" \"${PODS_ROOT}/Manifest.lock\" > /dev/null\nif [ $? != 0 ] ; then\n    # print error to STDERR\n    echo \"error: The sandbox is not in sync with the Podfile.lock. Run 'pod install' or update your CocoaPods installation.\" >&2\n    exit 1\nfi\n# This output is used by Xcode 'outputs' to avoid re-running this script phase.\necho \"SUCCESS\" > \"${SCRIPT_OUTPUT_FILE_0}\"\n";
			showEnvVarsInLog = 0;
		};
		657AB5F071DE9BC3267E65B0 /* [CP] Embed Pods Frameworks */ = {
			isa = PBXShellScriptBuildPhase;
			buildActionMask = 2147483647;
			files = (
			);
			inputFileListPaths = (
				"${PODS_ROOT}/Target Support Files/Pods-FriendsList/Pods-FriendsList-frameworks-${CONFIGURATION}-input-files.xcfilelist",
			);
			name = "[CP] Embed Pods Frameworks";
			outputFileListPaths = (
				"${PODS_ROOT}/Target Support Files/Pods-FriendsList/Pods-FriendsList-frameworks-${CONFIGURATION}-output-files.xcfilelist",
			);
			runOnlyForDeploymentPostprocessing = 0;
			shellPath = /bin/sh;
			shellScript = "\"${PODS_ROOT}/Target Support Files/Pods-FriendsList/Pods-FriendsList-frameworks.sh\"\n";
			showEnvVarsInLog = 0;
		};
		8EA64CC330ABCAC9F5632FB2 /* [CP] Check Pods Manifest.lock */ = {
			isa = PBXShellScriptBuildPhase;
			buildActionMask = 2147483647;
			files = (
			);
			inputFileListPaths = (
			);
			inputPaths = (
				"${PODS_PODFILE_DIR_PATH}/Podfile.lock",
				"${PODS_ROOT}/Manifest.lock",
			);
			name = "[CP] Check Pods Manifest.lock";
			outputFileListPaths = (
			);
			outputPaths = (
				"$(DERIVED_FILE_DIR)/Pods-FriendsList-FriendsListUITests-checkManifestLockResult.txt",
			);
			runOnlyForDeploymentPostprocessing = 0;
			shellPath = /bin/sh;
			shellScript = "diff \"${PODS_PODFILE_DIR_PATH}/Podfile.lock\" \"${PODS_ROOT}/Manifest.lock\" > /dev/null\nif [ $? != 0 ] ; then\n    # print error to STDERR\n    echo \"error: The sandbox is not in sync with the Podfile.lock. Run 'pod install' or update your CocoaPods installation.\" >&2\n    exit 1\nfi\n# This output is used by Xcode 'outputs' to avoid re-running this script phase.\necho \"SUCCESS\" > \"${SCRIPT_OUTPUT_FILE_0}\"\n";
			showEnvVarsInLog = 0;
		};
		A9097348514579D638033F81 /* [CP] Check Pods Manifest.lock */ = {
			isa = PBXShellScriptBuildPhase;
			buildActionMask = 2147483647;
			files = (
			);
			inputFileListPaths = (
			);
			inputPaths = (
				"${PODS_PODFILE_DIR_PATH}/Podfile.lock",
				"${PODS_ROOT}/Manifest.lock",
			);
			name = "[CP] Check Pods Manifest.lock";
			outputFileListPaths = (
			);
			outputPaths = (
				"$(DERIVED_FILE_DIR)/Pods-FriendsListTests-checkManifestLockResult.txt",
			);
			runOnlyForDeploymentPostprocessing = 0;
			shellPath = /bin/sh;
			shellScript = "diff \"${PODS_PODFILE_DIR_PATH}/Podfile.lock\" \"${PODS_ROOT}/Manifest.lock\" > /dev/null\nif [ $? != 0 ] ; then\n    # print error to STDERR\n    echo \"error: The sandbox is not in sync with the Podfile.lock. Run 'pod install' or update your CocoaPods installation.\" >&2\n    exit 1\nfi\n# This output is used by Xcode 'outputs' to avoid re-running this script phase.\necho \"SUCCESS\" > \"${SCRIPT_OUTPUT_FILE_0}\"\n";
			showEnvVarsInLog = 0;
		};
/* End PBXShellScriptBuildPhase section */

/* Begin PBXSourcesBuildPhase section */
		D1E17B2C2CAADEC700F228A9 /* Sources */ = {
			isa = PBXSourcesBuildPhase;
			buildActionMask = 2147483647;
			files = (
				D1E17B7A2CAAE2D900F228A9 /* UIViewController+Extension.swift in Sources */,
				D1E17B8E2CAAF1D900F228A9 /* Login.swift in Sources */,
				D1E17BB82CAB506200F228A9 /* RealmManager.swift in Sources */,
				D1E17BB62CAB4F1100F228A9 /* CachedUser.swift in Sources */,
				D1E17B782CAAE23400F228A9 /* String+Extension.swift in Sources */,
				D1E17B9A2CAAF25000F228A9 /* Dob.swift in Sources */,
				D1E17B7E2CAAE34D00F228A9 /* LoginViewModel.swift in Sources */,
				D1E17B902CAAF1FC00F228A9 /* Location.swift in Sources */,
				D1E17B9E2CAAF30800F228A9 /* RandomUserManager.swift in Sources */,
				D1E17B762CAAE20A00F228A9 /* UIView+Extension.swift in Sources */,
				D1E17B882CAAF19C00F228A9 /* Result.swift in Sources */,
				D1E17B822CAAF05800F228A9 /* NetworkManager.swift in Sources */,
				D1E17B9C2CAAF25F00F228A9 /* Info.swift in Sources */,
				D1E17B8C2CAAF1C500F228A9 /* Name.swift in Sources */,
				D1E17B8A2CAAF1B700F228A9 /* Picture.swift in Sources */,
				D1E17BAF2CAB1FA300F228A9 /* DetailViewModel.swift in Sources */,
				D1E17B982CAAF24200F228A9 /* Id.swift in Sources */,
				D1E17BAB2CAB1EA700F228A9 /* UIImageView+Extension.swift in Sources */,
				D1E17BA22CAAFB4D00F228A9 /* ListingViewModel.swift in Sources */,
				D1E17B342CAADEC700F228A9 /* AppDelegate.swift in Sources */,
				D1E17BA82CAAFBE100F228A9 /* UserTableViewCell.swift in Sources */,
				D1E17B362CAADEC700F228A9 /* SceneDelegate.swift in Sources */,
				D1E17B3E2CAADEC700F228A9 /* FriendsList.xcdatamodeld in Sources */,
				D1E17B742CAAE1D800F228A9 /* ProgressIndicatorPresentable.swift in Sources */,
				D1E17B962CAAF23300F228A9 /* Coordinate.swift in Sources */,
				D1E17BA02CAAFB4300F228A9 /* ListingViewController.swift in Sources */,
				D1E17B7C2CAAE34200F228A9 /* LoginViewController.swift in Sources */,
				D1E17B722CAAE1A200F228A9 /* AlertPresentable.swift in Sources */,
				D1E17B842CAAF07500F228A9 /* Constants.swift in Sources */,
				D1E17B862CAAF17E00F228A9 /* RandomUserResponse.swift in Sources */,
				D1E17BAD2CAB1F9900F228A9 /* DetailViewController.swift in Sources */,
				D1E17B942CAAF22200F228A9 /* Street.swift in Sources */,
				D1E17B922CAAF21100F228A9 /* Timezone.swift in Sources */,
			);
			runOnlyForDeploymentPostprocessing = 0;
		};
		D1E17B452CAADECA00F228A9 /* Sources */ = {
			isa = PBXSourcesBuildPhase;
			buildActionMask = 2147483647;
			files = (
				D1E17B4E2CAADECA00F228A9 /* FriendsListTests.swift in Sources */,
				D15C16832CABEF16008E3536 /* ListingViewModelsTest.swift in Sources */,
			);
			runOnlyForDeploymentPostprocessing = 0;
		};
		D1E17B4F2CAADECA00F228A9 /* Sources */ = {
			isa = PBXSourcesBuildPhase;
			buildActionMask = 2147483647;
			files = (
				D1E17B5A2CAADECA00F228A9 /* FriendsListUITestsLaunchTests.swift in Sources */,
				D1E17B582CAADECA00F228A9 /* FriendsListUITests.swift in Sources */,
			);
			runOnlyForDeploymentPostprocessing = 0;
		};
/* End PBXSourcesBuildPhase section */

/* Begin PBXTargetDependency section */
		D1E17B4B2CAADECA00F228A9 /* PBXTargetDependency */ = {
			isa = PBXTargetDependency;
			target = D1E17B2F2CAADEC700F228A9 /* FriendsList */;
			targetProxy = D1E17B4A2CAADECA00F228A9 /* PBXContainerItemProxy */;
		};
		D1E17B552CAADECA00F228A9 /* PBXTargetDependency */ = {
			isa = PBXTargetDependency;
			target = D1E17B2F2CAADEC700F228A9 /* FriendsList */;
			targetProxy = D1E17B542CAADECA00F228A9 /* PBXContainerItemProxy */;
		};
/* End PBXTargetDependency section */

/* Begin PBXVariantGroup section */
		D1E17B412CAADECA00F228A9 /* LaunchScreen.storyboard */ = {
			isa = PBXVariantGroup;
			children = (
				D1E17B422CAADECA00F228A9 /* Base */,
			);
			name = LaunchScreen.storyboard;
			sourceTree = "<group>";
		};
/* End PBXVariantGroup section */

/* Begin XCBuildConfiguration section */
		D1E17B5B2CAADECA00F228A9 /* Debug */ = {
			isa = XCBuildConfiguration;
			buildSettings = {
				ALWAYS_SEARCH_USER_PATHS = NO;
				ASSETCATALOG_COMPILER_GENERATE_SWIFT_ASSET_SYMBOL_EXTENSIONS = YES;
				CLANG_ANALYZER_NONNULL = YES;
				CLANG_ANALYZER_NUMBER_OBJECT_CONVERSION = YES_AGGRESSIVE;
				CLANG_CXX_LANGUAGE_STANDARD = "gnu++20";
				CLANG_ENABLE_MODULES = YES;
				CLANG_ENABLE_OBJC_ARC = YES;
				CLANG_ENABLE_OBJC_WEAK = YES;
				CLANG_WARN_BLOCK_CAPTURE_AUTORELEASING = YES;
				CLANG_WARN_BOOL_CONVERSION = YES;
				CLANG_WARN_COMMA = YES;
				CLANG_WARN_CONSTANT_CONVERSION = YES;
				CLANG_WARN_DEPRECATED_OBJC_IMPLEMENTATIONS = YES;
				CLANG_WARN_DIRECT_OBJC_ISA_USAGE = YES_ERROR;
				CLANG_WARN_DOCUMENTATION_COMMENTS = YES;
				CLANG_WARN_EMPTY_BODY = YES;
				CLANG_WARN_ENUM_CONVERSION = YES;
				CLANG_WARN_INFINITE_RECURSION = YES;
				CLANG_WARN_INT_CONVERSION = YES;
				CLANG_WARN_NON_LITERAL_NULL_CONVERSION = YES;
				CLANG_WARN_OBJC_IMPLICIT_RETAIN_SELF = YES;
				CLANG_WARN_OBJC_LITERAL_CONVERSION = YES;
				CLANG_WARN_OBJC_ROOT_CLASS = YES_ERROR;
				CLANG_WARN_QUOTED_INCLUDE_IN_FRAMEWORK_HEADER = YES;
				CLANG_WARN_RANGE_LOOP_ANALYSIS = YES;
				CLANG_WARN_STRICT_PROTOTYPES = YES;
				CLANG_WARN_SUSPICIOUS_MOVE = YES;
				CLANG_WARN_UNGUARDED_AVAILABILITY = YES_AGGRESSIVE;
				CLANG_WARN_UNREACHABLE_CODE = YES;
				CLANG_WARN__DUPLICATE_METHOD_MATCH = YES;
				COPY_PHASE_STRIP = NO;
				DEBUG_INFORMATION_FORMAT = dwarf;
				ENABLE_STRICT_OBJC_MSGSEND = YES;
				ENABLE_TESTABILITY = YES;
				ENABLE_USER_SCRIPT_SANDBOXING = YES;
				GCC_C_LANGUAGE_STANDARD = gnu17;
				GCC_DYNAMIC_NO_PIC = NO;
				GCC_NO_COMMON_BLOCKS = YES;
				GCC_OPTIMIZATION_LEVEL = 0;
				GCC_PREPROCESSOR_DEFINITIONS = (
					"DEBUG=1",
					"$(inherited)",
				);
				GCC_WARN_64_TO_32_BIT_CONVERSION = YES;
				GCC_WARN_ABOUT_RETURN_TYPE = YES_ERROR;
				GCC_WARN_UNDECLARED_SELECTOR = YES;
				GCC_WARN_UNINITIALIZED_AUTOS = YES_AGGRESSIVE;
				GCC_WARN_UNUSED_FUNCTION = YES;
				GCC_WARN_UNUSED_VARIABLE = YES;
				IPHONEOS_DEPLOYMENT_TARGET = 17.2;
				LOCALIZATION_PREFERS_STRING_CATALOGS = YES;
				MTL_ENABLE_DEBUG_INFO = INCLUDE_SOURCE;
				MTL_FAST_MATH = YES;
				ONLY_ACTIVE_ARCH = YES;
				SDKROOT = iphoneos;
				SWIFT_ACTIVE_COMPILATION_CONDITIONS = "DEBUG $(inherited)";
				SWIFT_OPTIMIZATION_LEVEL = "-Onone";
			};
			name = Debug;
		};
		D1E17B5C2CAADECA00F228A9 /* Release */ = {
			isa = XCBuildConfiguration;
			buildSettings = {
				ALWAYS_SEARCH_USER_PATHS = NO;
				ASSETCATALOG_COMPILER_GENERATE_SWIFT_ASSET_SYMBOL_EXTENSIONS = YES;
				CLANG_ANALYZER_NONNULL = YES;
				CLANG_ANALYZER_NUMBER_OBJECT_CONVERSION = YES_AGGRESSIVE;
				CLANG_CXX_LANGUAGE_STANDARD = "gnu++20";
				CLANG_ENABLE_MODULES = YES;
				CLANG_ENABLE_OBJC_ARC = YES;
				CLANG_ENABLE_OBJC_WEAK = YES;
				CLANG_WARN_BLOCK_CAPTURE_AUTORELEASING = YES;
				CLANG_WARN_BOOL_CONVERSION = YES;
				CLANG_WARN_COMMA = YES;
				CLANG_WARN_CONSTANT_CONVERSION = YES;
				CLANG_WARN_DEPRECATED_OBJC_IMPLEMENTATIONS = YES;
				CLANG_WARN_DIRECT_OBJC_ISA_USAGE = YES_ERROR;
				CLANG_WARN_DOCUMENTATION_COMMENTS = YES;
				CLANG_WARN_EMPTY_BODY = YES;
				CLANG_WARN_ENUM_CONVERSION = YES;
				CLANG_WARN_INFINITE_RECURSION = YES;
				CLANG_WARN_INT_CONVERSION = YES;
				CLANG_WARN_NON_LITERAL_NULL_CONVERSION = YES;
				CLANG_WARN_OBJC_IMPLICIT_RETAIN_SELF = YES;
				CLANG_WARN_OBJC_LITERAL_CONVERSION = YES;
				CLANG_WARN_OBJC_ROOT_CLASS = YES_ERROR;
				CLANG_WARN_QUOTED_INCLUDE_IN_FRAMEWORK_HEADER = YES;
				CLANG_WARN_RANGE_LOOP_ANALYSIS = YES;
				CLANG_WARN_STRICT_PROTOTYPES = YES;
				CLANG_WARN_SUSPICIOUS_MOVE = YES;
				CLANG_WARN_UNGUARDED_AVAILABILITY = YES_AGGRESSIVE;
				CLANG_WARN_UNREACHABLE_CODE = YES;
				CLANG_WARN__DUPLICATE_METHOD_MATCH = YES;
				COPY_PHASE_STRIP = NO;
				DEBUG_INFORMATION_FORMAT = "dwarf-with-dsym";
				ENABLE_NS_ASSERTIONS = NO;
				ENABLE_STRICT_OBJC_MSGSEND = YES;
				ENABLE_USER_SCRIPT_SANDBOXING = YES;
				GCC_C_LANGUAGE_STANDARD = gnu17;
				GCC_NO_COMMON_BLOCKS = YES;
				GCC_WARN_64_TO_32_BIT_CONVERSION = YES;
				GCC_WARN_ABOUT_RETURN_TYPE = YES_ERROR;
				GCC_WARN_UNDECLARED_SELECTOR = YES;
				GCC_WARN_UNINITIALIZED_AUTOS = YES_AGGRESSIVE;
				GCC_WARN_UNUSED_FUNCTION = YES;
				GCC_WARN_UNUSED_VARIABLE = YES;
				IPHONEOS_DEPLOYMENT_TARGET = 17.2;
				LOCALIZATION_PREFERS_STRING_CATALOGS = YES;
				MTL_ENABLE_DEBUG_INFO = NO;
				MTL_FAST_MATH = YES;
				SDKROOT = iphoneos;
				SWIFT_COMPILATION_MODE = wholemodule;
				VALIDATE_PRODUCT = YES;
			};
			name = Release;
		};
		D1E17B5E2CAADECA00F228A9 /* Debug */ = {
			isa = XCBuildConfiguration;
			baseConfigurationReference = B8ECCF8157D5C321A2F3CDD9 /* Pods-FriendsList.debug.xcconfig */;
			buildSettings = {
				ASSETCATALOG_COMPILER_APPICON_NAME = AppIcon;
				ASSETCATALOG_COMPILER_GLOBAL_ACCENT_COLOR_NAME = AccentColor;
				CODE_SIGN_STYLE = Automatic;
				CURRENT_PROJECT_VERSION = 1;
				DEVELOPMENT_TEAM = N9KA4ZJ6RM;
				ENABLE_USER_SCRIPT_SANDBOXING = NO;
				GENERATE_INFOPLIST_FILE = YES;
				INFOPLIST_FILE = FriendsList/Info.plist;
				INFOPLIST_KEY_UIApplicationSupportsIndirectInputEvents = YES;
				INFOPLIST_KEY_UILaunchStoryboardName = LaunchScreen;
				INFOPLIST_KEY_UIMainStoryboardFile = LoginStoryboard;
				INFOPLIST_KEY_UISupportedInterfaceOrientations = UIInterfaceOrientationPortrait;
				LD_RUNPATH_SEARCH_PATHS = (
					"$(inherited)",
					"@executable_path/Frameworks",
				);
				MARKETING_VERSION = 1.0;
				PRODUCT_BUNDLE_IDENTIFIER = ealpago.FriendsList;
				PRODUCT_NAME = "$(TARGET_NAME)";
				SWIFT_EMIT_LOC_STRINGS = YES;
				SWIFT_VERSION = 5.0;
				TARGETED_DEVICE_FAMILY = "1,2";
			};
			name = Debug;
		};
		D1E17B5F2CAADECA00F228A9 /* Release */ = {
			isa = XCBuildConfiguration;
			baseConfigurationReference = AEA22CC29B2BEDCCC0D95DD1 /* Pods-FriendsList.release.xcconfig */;
			buildSettings = {
				ASSETCATALOG_COMPILER_APPICON_NAME = AppIcon;
				ASSETCATALOG_COMPILER_GLOBAL_ACCENT_COLOR_NAME = AccentColor;
				CODE_SIGN_STYLE = Automatic;
				CURRENT_PROJECT_VERSION = 1;
				DEVELOPMENT_TEAM = N9KA4ZJ6RM;
				ENABLE_USER_SCRIPT_SANDBOXING = NO;
				GENERATE_INFOPLIST_FILE = YES;
				INFOPLIST_FILE = FriendsList/Info.plist;
				INFOPLIST_KEY_UIApplicationSupportsIndirectInputEvents = YES;
				INFOPLIST_KEY_UILaunchStoryboardName = LaunchScreen;
				INFOPLIST_KEY_UIMainStoryboardFile = LoginStoryboard;
				INFOPLIST_KEY_UISupportedInterfaceOrientations = UIInterfaceOrientationPortrait;
				LD_RUNPATH_SEARCH_PATHS = (
					"$(inherited)",
					"@executable_path/Frameworks",
				);
				MARKETING_VERSION = 1.0;
				PRODUCT_BUNDLE_IDENTIFIER = ealpago.FriendsList;
				PRODUCT_NAME = "$(TARGET_NAME)";
				SWIFT_EMIT_LOC_STRINGS = YES;
				SWIFT_VERSION = 5.0;
				TARGETED_DEVICE_FAMILY = "1,2";
			};
			name = Release;
		};
		D1E17B612CAADECA00F228A9 /* Debug */ = {
			isa = XCBuildConfiguration;
			baseConfigurationReference = 0535EBD02F9DF7A835690BAF /* Pods-FriendsListTests.debug.xcconfig */;
			buildSettings = {
				ALWAYS_EMBED_SWIFT_STANDARD_LIBRARIES = YES;
				BUNDLE_LOADER = "$(TEST_HOST)";
				CODE_SIGN_STYLE = Automatic;
				CURRENT_PROJECT_VERSION = 1;
				DEVELOPMENT_TEAM = N9KA4ZJ6RM;
				GENERATE_INFOPLIST_FILE = YES;
				IPHONEOS_DEPLOYMENT_TARGET = 17.2;
				MARKETING_VERSION = 1.0;
				PRODUCT_BUNDLE_IDENTIFIER = ealpago.FriendsListTests;
				PRODUCT_NAME = "$(TARGET_NAME)";
				SWIFT_EMIT_LOC_STRINGS = NO;
				SWIFT_VERSION = 5.0;
				TARGETED_DEVICE_FAMILY = "1,2";
				TEST_HOST = "$(BUILT_PRODUCTS_DIR)/FriendsList.app/$(BUNDLE_EXECUTABLE_FOLDER_PATH)/FriendsList";
			};
			name = Debug;
		};
		D1E17B622CAADECA00F228A9 /* Release */ = {
			isa = XCBuildConfiguration;
			baseConfigurationReference = 3CB8A12A1CBA753100E30C8A /* Pods-FriendsListTests.release.xcconfig */;
			buildSettings = {
				ALWAYS_EMBED_SWIFT_STANDARD_LIBRARIES = YES;
				BUNDLE_LOADER = "$(TEST_HOST)";
				CODE_SIGN_STYLE = Automatic;
				CURRENT_PROJECT_VERSION = 1;
				DEVELOPMENT_TEAM = N9KA4ZJ6RM;
				GENERATE_INFOPLIST_FILE = YES;
				IPHONEOS_DEPLOYMENT_TARGET = 17.2;
				MARKETING_VERSION = 1.0;
				PRODUCT_BUNDLE_IDENTIFIER = ealpago.FriendsListTests;
				PRODUCT_NAME = "$(TARGET_NAME)";
				SWIFT_EMIT_LOC_STRINGS = NO;
				SWIFT_VERSION = 5.0;
				TARGETED_DEVICE_FAMILY = "1,2";
				TEST_HOST = "$(BUILT_PRODUCTS_DIR)/FriendsList.app/$(BUNDLE_EXECUTABLE_FOLDER_PATH)/FriendsList";
			};
			name = Release;
		};
		D1E17B642CAADECA00F228A9 /* Debug */ = {
			isa = XCBuildConfiguration;
			baseConfigurationReference = 777BC354CE54C0DE7E09D194 /* Pods-FriendsList-FriendsListUITests.debug.xcconfig */;
			buildSettings = {
				ALWAYS_EMBED_SWIFT_STANDARD_LIBRARIES = YES;
				CODE_SIGN_STYLE = Automatic;
				CURRENT_PROJECT_VERSION = 1;
				DEVELOPMENT_TEAM = N9KA4ZJ6RM;
				GENERATE_INFOPLIST_FILE = YES;
				MARKETING_VERSION = 1.0;
				PRODUCT_BUNDLE_IDENTIFIER = ealpago.FriendsListUITests;
				PRODUCT_NAME = "$(TARGET_NAME)";
				SWIFT_EMIT_LOC_STRINGS = NO;
				SWIFT_VERSION = 5.0;
				TARGETED_DEVICE_FAMILY = "1,2";
				TEST_TARGET_NAME = FriendsList;
			};
			name = Debug;
		};
		D1E17B652CAADECA00F228A9 /* Release */ = {
			isa = XCBuildConfiguration;
			baseConfigurationReference = 9D459367C11302F56AD5A0FB /* Pods-FriendsList-FriendsListUITests.release.xcconfig */;
			buildSettings = {
				ALWAYS_EMBED_SWIFT_STANDARD_LIBRARIES = YES;
				CODE_SIGN_STYLE = Automatic;
				CURRENT_PROJECT_VERSION = 1;
				DEVELOPMENT_TEAM = N9KA4ZJ6RM;
				GENERATE_INFOPLIST_FILE = YES;
				MARKETING_VERSION = 1.0;
				PRODUCT_BUNDLE_IDENTIFIER = ealpago.FriendsListUITests;
				PRODUCT_NAME = "$(TARGET_NAME)";
				SWIFT_EMIT_LOC_STRINGS = NO;
				SWIFT_VERSION = 5.0;
				TARGETED_DEVICE_FAMILY = "1,2";
				TEST_TARGET_NAME = FriendsList;
			};
			name = Release;
		};
/* End XCBuildConfiguration section */

/* Begin XCConfigurationList section */
		D1E17B2B2CAADEC700F228A9 /* Build configuration list for PBXProject "FriendsList" */ = {
			isa = XCConfigurationList;
			buildConfigurations = (
				D1E17B5B2CAADECA00F228A9 /* Debug */,
				D1E17B5C2CAADECA00F228A9 /* Release */,
			);
			defaultConfigurationIsVisible = 0;
			defaultConfigurationName = Release;
		};
		D1E17B5D2CAADECA00F228A9 /* Build configuration list for PBXNativeTarget "FriendsList" */ = {
			isa = XCConfigurationList;
			buildConfigurations = (
				D1E17B5E2CAADECA00F228A9 /* Debug */,
				D1E17B5F2CAADECA00F228A9 /* Release */,
			);
			defaultConfigurationIsVisible = 0;
			defaultConfigurationName = Release;
		};
		D1E17B602CAADECA00F228A9 /* Build configuration list for PBXNativeTarget "FriendsListTests" */ = {
			isa = XCConfigurationList;
			buildConfigurations = (
				D1E17B612CAADECA00F228A9 /* Debug */,
				D1E17B622CAADECA00F228A9 /* Release */,
			);
			defaultConfigurationIsVisible = 0;
			defaultConfigurationName = Release;
		};
		D1E17B632CAADECA00F228A9 /* Build configuration list for PBXNativeTarget "FriendsListUITests" */ = {
			isa = XCConfigurationList;
			buildConfigurations = (
				D1E17B642CAADECA00F228A9 /* Debug */,
				D1E17B652CAADECA00F228A9 /* Release */,
			);
			defaultConfigurationIsVisible = 0;
			defaultConfigurationName = Release;
		};
/* End XCConfigurationList section */

/* Begin XCVersionGroup section */
		D1E17B3C2CAADEC700F228A9 /* FriendsList.xcdatamodeld */ = {
			isa = XCVersionGroup;
			children = (
				D1E17B3D2CAADEC700F228A9 /* FriendsList.xcdatamodel */,
			);
			currentVersion = D1E17B3D2CAADEC700F228A9 /* FriendsList.xcdatamodel */;
			path = FriendsList.xcdatamodeld;
			sourceTree = "<group>";
			versionGroupType = wrapper.xcdatamodel;
		};
/* End XCVersionGroup section */
	};
	rootObject = D1E17B282CAADEC700F228A9 /* Project object */;
}
